
Microsoft Visual Studio Solution File, Format Version 12.00
# Visual Studio Version 16
VisualStudioVersion = 16.0.29709.97
MinimumVisualStudioVersion = 10.0.40219.1
Project("{FAE04EC0-301F-11D3-BF4B-00C04F79EFBC}") = "EmexApp_GetAppVersion", "EmexApp_GetAppVersion\EmexApp_GetAppVersion.csproj", "{6C6F40C8-2A88-4D5B-8CEF-14BD4B284B37}"
EndProject
Global
	GlobalSection(SolutionConfigurationPlatforms) = preSolution
		Debug|Any CPU = Debug|Any CPU
		Release|Any CPU = Release|Any CPU
	EndGlobalSection
	GlobalSection(ProjectConfigurationPlatforms) = postSolution
		{6C6F40C8-2A88-4D5B-8CEF-14BD4B284B37}.Debug|Any CPU.ActiveCfg = Debug|Any CPU
		{6C6F40C8-2A88-4D5B-8CEF-14BD4B284B37}.Debug|Any CPU.Build.0 = Debug|Any CPU
		{6C6F40C8-2A88-4D5B-8CEF-14BD4B284B37}.Release|Any CPU.ActiveCfg = Release|Any CPU
		{6C6F40C8-2A88-4D5B-8CEF-14BD4B284B37}.Release|Any CPU.Build.0 = Release|Any CPU
	EndGlobalSection
	GlobalSection(SolutionProperties) = preSolution
		HideSolutionNode = FALSE
	EndGlobalSection
	GlobalSection(ExtensibilityGlobals) = postSolution
		SolutionGuid = {80C9579C-9FFF-4B46-9BDC-48477F6C44E5}
	EndGlobalSection
EndGlobal
